
Microsoft Visual Studio Solution File, Format Version 12.00
# Visual Studio Version 16
VisualStudioVersion = 16.0.31321.278
MinimumVisualStudioVersion = 10.0.40219.1
Project("{FAE04EC0-301F-11D3-BF4B-00C04F79EFBC}") = "BigPackageApp", "BigPackageApp\BigPackageApp.csproj", "{9B9732DB-76DF-4405-B799-7F91C44182C3}"
EndProject
Global
	GlobalSection(SolutionConfigurationPlatforms) = preSolution
		Debug|Any CPU = Debug|Any CPU
		Release|Any CPU = Release|Any CPU
	EndGlobalSection
	GlobalSection(ProjectConfigurationPlatforms) = postSolution
		{9B9732DB-76DF-4405-B799-7F91C44182C3}.Debug|Any CPU.ActiveCfg = Debug|Any CPU
		{9B9732DB-76DF-4405-B799-7F91C44182C3}.Debug|Any CPU.Build.0 = Debug|Any CPU
		{9B9732DB-76DF-4405-B799-7F91C44182C3}.Release|Any CPU.ActiveCfg = Release|Any CPU
		{9B9732DB-76DF-4405-B799-7F91C44182C3}.Release|Any CPU.Build.0 = Release|Any CPU
	EndGlobalSection
	GlobalSection(SolutionProperties) = preSolution
		HideSolutionNode = FALSE
	EndGlobalSection
	GlobalSection(ExtensibilityGlobals) = postSolution
		SolutionGuid = {BC3A0619-6BA8-4B37-B0C9-205BA563108C}
	EndGlobalSection
EndGlobal
